// !$*UTF8*$!
{
	archiveVersion = 1;
	classes = {
	};
	objectVersion = 56;
	objects = {

/* Begin PBXBuildFile section */
		9310DBAB2CEE553800FC6037 /* MacCacherApp.swift in Sources */ = {isa = PBXBuildFile; fileRef = 9310DBAA2CEE553800FC6037 /* MacCacherApp.swift */; };
		9310DBAD2CEE553800FC6037 /* ContentView.swift in Sources */ = {isa = PBXBuildFile; fileRef = 9310DBAC2CEE553800FC6037 /* ContentView.swift */; };
		9310DBAF2CEE553800FC6037 /* Item.swift in Sources */ = {isa = PBXBuildFile; fileRef = 9310DBAE2CEE553800FC6037 /* Item.swift */; };
		9310DBB12CEE553900FC6037 /* Assets.xcassets in Resources */ = {isa = PBXBuildFile; fileRef = 9310DBB02CEE553900FC6037 /* Assets.xcassets */; };
		9310DBB42CEE553900FC6037 /* Preview Assets.xcassets in Resources */ = {isa = PBXBuildFile; fileRef = 9310DBB32CEE553900FC6037 /* Preview Assets.xcassets */; };
		9310DBBF2CEE553900FC6037 /* MacCacherTests.swift in Sources */ = {isa = PBXBuildFile; fileRef = 9310DBBE2CEE553900FC6037 /* MacCacherTests.swift */; };
		9310DBC92CEE553900FC6037 /* MacCacherUITests.swift in Sources */ = {isa = PBXBuildFile; fileRef = 9310DBC82CEE553900FC6037 /* MacCacherUITests.swift */; };
		9310DBCB2CEE553900FC6037 /* MacCacherUITestsLaunchTests.swift in Sources */ = {isa = PBXBuildFile; fileRef = 9310DBCA2CEE553900FC6037 /* MacCacherUITestsLaunchTests.swift */; };
		9310DBD82CEE555900FC6037 /* CacheTests.swift in Sources */ = {isa = PBXBuildFile; fileRef = 9310DBD72CEE555900FC6037 /* CacheTests.swift */; };
		9310DBDA2CEE557C00FC6037 /* Cache.swift in Sources */ = {isa = PBXBuildFile; fileRef = 9310DBD92CEE557C00FC6037 /* Cache.swift */; };
		9310DBDC2CEE55B000FC6037 /* CachePerformanceTests.swift in Sources */ = {isa = PBXBuildFile; fileRef = 9310DBDB2CEE55B000FC6037 /* CachePerformanceTests.swift */; };
		93281E1E2CEE7B5F00CBCFD7 /* PerformanceTests.swift in Sources */ = {isa = PBXBuildFile; fileRef = 93281E1D2CEE7B5F00CBCFD7 /* PerformanceTests.swift */; };
		93281E202CEE80E300CBCFD7 /* MorePerformanceTests.swift in Sources */ = {isa = PBXBuildFile; fileRef = 93281E1F2CEE80E300CBCFD7 /* MorePerformanceTests.swift */; };
/* End PBXBuildFile section */

/* Begin PBXContainerItemProxy section */
		9310DBBB2CEE553900FC6037 /* PBXContainerItemProxy */ = {
			isa = PBXContainerItemProxy;
			containerPortal = 9310DB9F2CEE553800FC6037 /* Project object */;
			proxyType = 1;
			remoteGlobalIDString = 9310DBA62CEE553800FC6037;
			remoteInfo = MacCacher;
		};
		9310DBC52CEE553900FC6037 /* PBXContainerItemProxy */ = {
			isa = PBXContainerItemProxy;
			containerPortal = 9310DB9F2CEE553800FC6037 /* Project object */;
			proxyType = 1;
			remoteGlobalIDString = 9310DBA62CEE553800FC6037;
			remoteInfo = MacCacher;
		};
/* End PBXContainerItemProxy section */

/* Begin PBXFileReference section */
		9310DBA72CEE553800FC6037 /* MacCacher.app */ = {isa = PBXFileReference; explicitFileType = wrapper.application; includeInIndex = 0; path = MacCacher.app; sourceTree = BUILT_PRODUCTS_DIR; };
		9310DBAA2CEE553800FC6037 /* MacCacherApp.swift */ = {isa = PBXFileReference; lastKnownFileType = sourcecode.swift; path = MacCacherApp.swift; sourceTree = "<group>"; };
		9310DBAC2CEE553800FC6037 /* ContentView.swift */ = {isa = PBXFileReference; lastKnownFileType = sourcecode.swift; path = ContentView.swift; sourceTree = "<group>"; };
		9310DBAE2CEE553800FC6037 /* Item.swift */ = {isa = PBXFileReference; lastKnownFileType = sourcecode.swift; path = Item.swift; sourceTree = "<group>"; };
		9310DBB02CEE553900FC6037 /* Assets.xcassets */ = {isa = PBXFileReference; lastKnownFileType = folder.assetcatalog; path = Assets.xcassets; sourceTree = "<group>"; };
		9310DBB32CEE553900FC6037 /* Preview Assets.xcassets */ = {isa = PBXFileReference; lastKnownFileType = folder.assetcatalog; path = "Preview Assets.xcassets"; sourceTree = "<group>"; };
		9310DBB52CEE553900FC6037 /* MacCacher.entitlements */ = {isa = PBXFileReference; lastKnownFileType = text.plist.entitlements; path = MacCacher.entitlements; sourceTree = "<group>"; };
		9310DBBA2CEE553900FC6037 /* MacCacherTests.xctest */ = {isa = PBXFileReference; explicitFileType = wrapper.cfbundle; includeInIndex = 0; path = MacCacherTests.xctest; sourceTree = BUILT_PRODUCTS_DIR; };
		9310DBBE2CEE553900FC6037 /* MacCacherTests.swift */ = {isa = PBXFileReference; lastKnownFileType = sourcecode.swift; path = MacCacherTests.swift; sourceTree = "<group>"; };
		9310DBC42CEE553900FC6037 /* MacCacherUITests.xctest */ = {isa = PBXFileReference; explicitFileType = wrapper.cfbundle; includeInIndex = 0; path = MacCacherUITests.xctest; sourceTree = BUILT_PRODUCTS_DIR; };
		9310DBC82CEE553900FC6037 /* MacCacherUITests.swift */ = {isa = PBXFileReference; lastKnownFileType = sourcecode.swift; path = MacCacherUITests.swift; sourceTree = "<group>"; };
		9310DBCA2CEE553900FC6037 /* MacCacherUITestsLaunchTests.swift */ = {isa = PBXFileReference; lastKnownFileType = sourcecode.swift; path = MacCacherUITestsLaunchTests.swift; sourceTree = "<group>"; };
		9310DBD72CEE555900FC6037 /* CacheTests.swift */ = {isa = PBXFileReference; lastKnownFileType = sourcecode.swift; path = CacheTests.swift; sourceTree = "<group>"; };
		9310DBD92CEE557C00FC6037 /* Cache.swift */ = {isa = PBXFileReference; lastKnownFileType = sourcecode.swift; path = Cache.swift; sourceTree = "<group>"; };
		9310DBDB2CEE55B000FC6037 /* CachePerformanceTests.swift */ = {isa = PBXFileReference; lastKnownFileType = sourcecode.swift; path = CachePerformanceTests.swift; sourceTree = "<group>"; };
		93281E1D2CEE7B5F00CBCFD7 /* PerformanceTests.swift */ = {isa = PBXFileReference; lastKnownFileType = sourcecode.swift; path = PerformanceTests.swift; sourceTree = "<group>"; };
		93281E1F2CEE80E300CBCFD7 /* MorePerformanceTests.swift */ = {isa = PBXFileReference; lastKnownFileType = sourcecode.swift; path = MorePerformanceTests.swift; sourceTree = "<group>"; };
/* End PBXFileReference section */

/* Begin PBXFrameworksBuildPhase section */
		9310DBA42CEE553800FC6037 /* Frameworks */ = {
			isa = PBXFrameworksBuildPhase;
			buildActionMask = 2147483647;
			files = (
			);
			runOnlyForDeploymentPostprocessing = 0;
		};
		9310DBB72CEE553900FC6037 /* Frameworks */ = {
			isa = PBXFrameworksBuildPhase;
			buildActionMask = 2147483647;
			files = (
			);
			runOnlyForDeploymentPostprocessing = 0;
		};
		9310DBC12CEE553900FC6037 /* Frameworks */ = {
			isa = PBXFrameworksBuildPhase;
			buildActionMask = 2147483647;
			files = (
			);
			runOnlyForDeploymentPostprocessing = 0;
		};
/* End PBXFrameworksBuildPhase section */

/* Begin PBXGroup section */
		9310DB9E2CEE553800FC6037 = {
			isa = PBXGroup;
			children = (
				9310DBA92CEE553800FC6037 /* MacCacher */,
				9310DBBD2CEE553900FC6037 /* MacCacherTests */,
				9310DBC72CEE553900FC6037 /* MacCacherUITests */,
				9310DBA82CEE553800FC6037 /* Products */,
			);
			sourceTree = "<group>";
		};
		9310DBA82CEE553800FC6037 /* Products */ = {
			isa = PBXGroup;
			children = (
				9310DBA72CEE553800FC6037 /* MacCacher.app */,
				9310DBBA2CEE553900FC6037 /* MacCacherTests.xctest */,
				9310DBC42CEE553900FC6037 /* MacCacherUITests.xctest */,
			);
			name = Products;
			sourceTree = "<group>";
		};
		9310DBA92CEE553800FC6037 /* MacCacher */ = {
			isa = PBXGroup;
			children = (
				9310DBAA2CEE553800FC6037 /* MacCacherApp.swift */,
				9310DBAC2CEE553800FC6037 /* ContentView.swift */,
				9310DBAE2CEE553800FC6037 /* Item.swift */,
				9310DBD92CEE557C00FC6037 /* Cache.swift */,
				9310DBB02CEE553900FC6037 /* Assets.xcassets */,
				9310DBB52CEE553900FC6037 /* MacCacher.entitlements */,
				9310DBB22CEE553900FC6037 /* Preview Content */,
			);
			path = MacCacher;
			sourceTree = "<group>";
		};
		9310DBB22CEE553900FC6037 /* Preview Content */ = {
			isa = PBXGroup;
			children = (
				9310DBB32CEE553900FC6037 /* Preview Assets.xcassets */,
			);
			path = "Preview Content";
			sourceTree = "<group>";
		};
		9310DBBD2CEE553900FC6037 /* MacCacherTests */ = {
			isa = PBXGroup;
			children = (
				9310DBBE2CEE553900FC6037 /* MacCacherTests.swift */,
				9310DBD72CEE555900FC6037 /* CacheTests.swift */,
				93281E1D2CEE7B5F00CBCFD7 /* PerformanceTests.swift */,
				93281E1F2CEE80E300CBCFD7 /* MorePerformanceTests.swift */,
				9310DBDB2CEE55B000FC6037 /* CachePerformanceTests.swift */,
			);
			path = MacCacherTests;
			sourceTree = "<group>";
		};
		9310DBC72CEE553900FC6037 /* MacCacherUITests */ = {
			isa = PBXGroup;
			children = (
				9310DBC82CEE553900FC6037 /* MacCacherUITests.swift */,
				9310DBCA2CEE553900FC6037 /* MacCacherUITestsLaunchTests.swift */,
			);
			path = MacCacherUITests;
			sourceTree = "<group>";
		};
/* End PBXGroup section */

/* Begin PBXNativeTarget section */
		9310DBA62CEE553800FC6037 /* MacCacher */ = {
			isa = PBXNativeTarget;
			buildConfigurationList = 9310DBCE2CEE553900FC6037 /* Build configuration list for PBXNativeTarget "MacCacher" */;
			buildPhases = (
				9310DBA32CEE553800FC6037 /* Sources */,
				9310DBA42CEE553800FC6037 /* Frameworks */,
				9310DBA52CEE553800FC6037 /* Resources */,
			);
			buildRules = (
			);
			dependencies = (
			);
			name = MacCacher;
			productName = MacCacher;
			productReference = 9310DBA72CEE553800FC6037 /* MacCacher.app */;
			productType = "com.apple.product-type.application";
		};
		9310DBB92CEE553900FC6037 /* MacCacherTests */ = {
			isa = PBXNativeTarget;
			buildConfigurationList = 9310DBD12CEE553900FC6037 /* Build configuration list for PBXNativeTarget "MacCacherTests" */;
			buildPhases = (
				9310DBB62CEE553900FC6037 /* Sources */,
				9310DBB72CEE553900FC6037 /* Frameworks */,
				9310DBB82CEE553900FC6037 /* Resources */,
			);
			buildRules = (
			);
			dependencies = (
				9310DBBC2CEE553900FC6037 /* PBXTargetDependency */,
			);
			name = MacCacherTests;
			productName = MacCacherTests;
			productReference = 9310DBBA2CEE553900FC6037 /* MacCacherTests.xctest */;
			productType = "com.apple.product-type.bundle.unit-test";
		};
		9310DBC32CEE553900FC6037 /* MacCacherUITests */ = {
			isa = PBXNativeTarget;
			buildConfigurationList = 9310DBD42CEE553900FC6037 /* Build configuration list for PBXNativeTarget "MacCacherUITests" */;
			buildPhases = (
				9310DBC02CEE553900FC6037 /* Sources */,
				9310DBC12CEE553900FC6037 /* Frameworks */,
				9310DBC22CEE553900FC6037 /* Resources */,
			);
			buildRules = (
			);
			dependencies = (
				9310DBC62CEE553900FC6037 /* PBXTargetDependency */,
			);
			name = MacCacherUITests;
			productName = MacCacherUITests;
			productReference = 9310DBC42CEE553900FC6037 /* MacCacherUITests.xctest */;
			productType = "com.apple.product-type.bundle.ui-testing";
		};
/* End PBXNativeTarget section */

/* Begin PBXProject section */
		9310DB9F2CEE553800FC6037 /* Project object */ = {
			isa = PBXProject;
			attributes = {
				BuildIndependentTargetsInParallel = 1;
				LastSwiftUpdateCheck = 1540;
				LastUpgradeCheck = 1540;
				TargetAttributes = {
					9310DBA62CEE553800FC6037 = {
						CreatedOnToolsVersion = 15.4;
					};
					9310DBB92CEE553900FC6037 = {
						CreatedOnToolsVersion = 15.4;
						TestTargetID = 9310DBA62CEE553800FC6037;
					};
					9310DBC32CEE553900FC6037 = {
						CreatedOnToolsVersion = 15.4;
						TestTargetID = 9310DBA62CEE553800FC6037;
					};
				};
			};
			buildConfigurationList = 9310DBA22CEE553800FC6037 /* Build configuration list for PBXProject "MacCacher" */;
			compatibilityVersion = "Xcode 14.0";
			developmentRegion = en;
			hasScannedForEncodings = 0;
			knownRegions = (
				en,
				Base,
			);
			mainGroup = 9310DB9E2CEE553800FC6037;
			productRefGroup = 9310DBA82CEE553800FC6037 /* Products */;
			projectDirPath = "";
			projectRoot = "";
			targets = (
				9310DBA62CEE553800FC6037 /* MacCacher */,
				9310DBB92CEE553900FC6037 /* MacCacherTests */,
				9310DBC32CEE553900FC6037 /* MacCacherUITests */,
			);
		};
/* End PBXProject section */

/* Begin PBXResourcesBuildPhase section */
		9310DBA52CEE553800FC6037 /* Resources */ = {
			isa = PBXResourcesBuildPhase;
			buildActionMask = 2147483647;
			files = (
				9310DBB42CEE553900FC6037 /* Preview Assets.xcassets in Resources */,
				9310DBB12CEE553900FC6037 /* Assets.xcassets in Resources */,
			);
			runOnlyForDeploymentPostprocessing = 0;
		};
		9310DBB82CEE553900FC6037 /* Resources */ = {
			isa = PBXResourcesBuildPhase;
			buildActionMask = 2147483647;
			files = (
			);
			runOnlyForDeploymentPostprocessing = 0;
		};
		9310DBC22CEE553900FC6037 /* Resources */ = {
			isa = PBXResourcesBuildPhase;
			buildActionMask = 2147483647;
			files = (
			);
			runOnlyForDeploymentPostprocessing = 0;
		};
/* End PBXResourcesBuildPhase section */

/* Begin PBXSourcesBuildPhase section */
		9310DBA32CEE553800FC6037 /* Sources */ = {
			isa = PBXSourcesBuildPhase;
			buildActionMask = 2147483647;
			files = (
				9310DBAD2CEE553800FC6037 /* ContentView.swift in Sources */,
				9310DBDA2CEE557C00FC6037 /* Cache.swift in Sources */,
				9310DBAF2CEE553800FC6037 /* Item.swift in Sources */,
				9310DBAB2CEE553800FC6037 /* MacCacherApp.swift in Sources */,
			);
			runOnlyForDeploymentPostprocessing = 0;
		};
		9310DBB62CEE553900FC6037 /* Sources */ = {
			isa = PBXSourcesBuildPhase;
			buildActionMask = 2147483647;
			files = (
				93281E202CEE80E300CBCFD7 /* MorePerformanceTests.swift in Sources */,
				9310DBDC2CEE55B000FC6037 /* CachePerformanceTests.swift in Sources */,
				9310DBD82CEE555900FC6037 /* CacheTests.swift in Sources */,
				93281E1E2CEE7B5F00CBCFD7 /* PerformanceTests.swift in Sources */,
				9310DBBF2CEE553900FC6037 /* MacCacherTests.swift in Sources */,
			);
			runOnlyForDeploymentPostprocessing = 0;
		};
		9310DBC02CEE553900FC6037 /* Sources */ = {
			isa = PBXSourcesBuildPhase;
			buildActionMask = 2147483647;
			files = (
				9310DBCB2CEE553900FC6037 /* MacCacherUITestsLaunchTests.swift in Sources */,
				9310DBC92CEE553900FC6037 /* MacCacherUITests.swift in Sources */,
			);
			runOnlyForDeploymentPostprocessing = 0;
		};
/* End PBXSourcesBuildPhase section */

/* Begin PBXTargetDependency section */
		9310DBBC2CEE553900FC6037 /* PBXTargetDependency */ = {
			isa = PBXTargetDependency;
			target = 9310DBA62CEE553800FC6037 /* MacCacher */;
			targetProxy = 9310DBBB2CEE553900FC6037 /* PBXContainerItemProxy */;
		};
		9310DBC62CEE553900FC6037 /* PBXTargetDependency */ = {
			isa = PBXTargetDependency;
			target = 9310DBA62CEE553800FC6037 /* MacCacher */;
			targetProxy = 9310DBC52CEE553900FC6037 /* PBXContainerItemProxy */;
		};
/* End PBXTargetDependency section */

/* Begin XCBuildConfiguration section */
		9310DBCC2CEE553900FC6037 /* Debug */ = {
			isa = XCBuildConfiguration;
			buildSettings = {
				ALWAYS_SEARCH_USER_PATHS = NO;
				ASSETCATALOG_COMPILER_GENERATE_SWIFT_ASSET_SYMBOL_EXTENSIONS = YES;
				CLANG_ANALYZER_NONNULL = YES;
				CLANG_ANALYZER_NUMBER_OBJECT_CONVERSION = YES_AGGRESSIVE;
				CLANG_CXX_LANGUAGE_STANDARD = "gnu++20";
				CLANG_ENABLE_MODULES = YES;
				CLANG_ENABLE_OBJC_ARC = YES;
				CLANG_ENABLE_OBJC_WEAK = YES;
				CLANG_WARN_BLOCK_CAPTURE_AUTORELEASING = YES;
				CLANG_WARN_BOOL_CONVERSION = YES;
				CLANG_WARN_COMMA = YES;
				CLANG_WARN_CONSTANT_CONVERSION = YES;
				CLANG_WARN_DEPRECATED_OBJC_IMPLEMENTATIONS = YES;
				CLANG_WARN_DIRECT_OBJC_ISA_USAGE = YES_ERROR;
				CLANG_WARN_DOCUMENTATION_COMMENTS = YES;
				CLANG_WARN_EMPTY_BODY = YES;
				CLANG_WARN_ENUM_CONVERSION = YES;
				CLANG_WARN_INFINITE_RECURSION = YES;
				CLANG_WARN_INT_CONVERSION = YES;
				CLANG_WARN_NON_LITERAL_NULL_CONVERSION = YES;
				CLANG_WARN_OBJC_IMPLICIT_RETAIN_SELF = YES;
				CLANG_WARN_OBJC_LITERAL_CONVERSION = YES;
				CLANG_WARN_OBJC_ROOT_CLASS = YES_ERROR;
				CLANG_WARN_QUOTED_INCLUDE_IN_FRAMEWORK_HEADER = YES;
				CLANG_WARN_RANGE_LOOP_ANALYSIS = YES;
				CLANG_WARN_STRICT_PROTOTYPES = YES;
				CLANG_WARN_SUSPICIOUS_MOVE = YES;
				CLANG_WARN_UNGUARDED_AVAILABILITY = YES_AGGRESSIVE;
				CLANG_WARN_UNREACHABLE_CODE = YES;
				CLANG_WARN__DUPLICATE_METHOD_MATCH = YES;
				COPY_PHASE_STRIP = NO;
				DEBUG_INFORMATION_FORMAT = dwarf;
				ENABLE_STRICT_OBJC_MSGSEND = YES;
				ENABLE_TESTABILITY = YES;
				ENABLE_USER_SCRIPT_SANDBOXING = YES;
				GCC_C_LANGUAGE_STANDARD = gnu17;
				GCC_DYNAMIC_NO_PIC = NO;
				GCC_NO_COMMON_BLOCKS = YES;
				GCC_OPTIMIZATION_LEVEL = 0;
				GCC_PREPROCESSOR_DEFINITIONS = (
					"DEBUG=1",
					"$(inherited)",
				);
				GCC_WARN_64_TO_32_BIT_CONVERSION = YES;
				GCC_WARN_ABOUT_RETURN_TYPE = YES_ERROR;
				GCC_WARN_UNDECLARED_SELECTOR = YES;
				GCC_WARN_UNINITIALIZED_AUTOS = YES_AGGRESSIVE;
				GCC_WARN_UNUSED_FUNCTION = YES;
				GCC_WARN_UNUSED_VARIABLE = YES;
				LOCALIZATION_PREFERS_STRING_CATALOGS = YES;
				MACOSX_DEPLOYMENT_TARGET = 14.5;
				MTL_ENABLE_DEBUG_INFO = INCLUDE_SOURCE;
				MTL_FAST_MATH = YES;
				ONLY_ACTIVE_ARCH = YES;
				SDKROOT = macosx;
				SWIFT_ACTIVE_COMPILATION_CONDITIONS = "DEBUG $(inherited)";
				SWIFT_OPTIMIZATION_LEVEL = "-Onone";
			};
			name = Debug;
		};
		9310DBCD2CEE553900FC6037 /* Release */ = {
			isa = XCBuildConfiguration;
			buildSettings = {
				ALWAYS_SEARCH_USER_PATHS = NO;
				ASSETCATALOG_COMPILER_GENERATE_SWIFT_ASSET_SYMBOL_EXTENSIONS = YES;
				CLANG_ANALYZER_NONNULL = YES;
				CLANG_ANALYZER_NUMBER_OBJECT_CONVERSION = YES_AGGRESSIVE;
				CLANG_CXX_LANGUAGE_STANDARD = "gnu++20";
				CLANG_ENABLE_MODULES = YES;
				CLANG_ENABLE_OBJC_ARC = YES;
				CLANG_ENABLE_OBJC_WEAK = YES;
				CLANG_WARN_BLOCK_CAPTURE_AUTORELEASING = YES;
				CLANG_WARN_BOOL_CONVERSION = YES;
				CLANG_WARN_COMMA = YES;
				CLANG_WARN_CONSTANT_CONVERSION = YES;
				CLANG_WARN_DEPRECATED_OBJC_IMPLEMENTATIONS = YES;
				CLANG_WARN_DIRECT_OBJC_ISA_USAGE = YES_ERROR;
				CLANG_WARN_DOCUMENTATION_COMMENTS = YES;
				CLANG_WARN_EMPTY_BODY = YES;
				CLANG_WARN_ENUM_CONVERSION = YES;
				CLANG_WARN_INFINITE_RECURSION = YES;
				CLANG_WARN_INT_CONVERSION = YES;
				CLANG_WARN_NON_LITERAL_NULL_CONVERSION = YES;
				CLANG_WARN_OBJC_IMPLICIT_RETAIN_SELF = YES;
				CLANG_WARN_OBJC_LITERAL_CONVERSION = YES;
				CLANG_WARN_OBJC_ROOT_CLASS = YES_ERROR;
				CLANG_WARN_QUOTED_INCLUDE_IN_FRAMEWORK_HEADER = YES;
				CLANG_WARN_RANGE_LOOP_ANALYSIS = YES;
				CLANG_WARN_STRICT_PROTOTYPES = YES;
				CLANG_WARN_SUSPICIOUS_MOVE = YES;
				CLANG_WARN_UNGUARDED_AVAILABILITY = YES_AGGRESSIVE;
				CLANG_WARN_UNREACHABLE_CODE = YES;
				CLANG_WARN__DUPLICATE_METHOD_MATCH = YES;
				COPY_PHASE_STRIP = NO;
				DEBUG_INFORMATION_FORMAT = "dwarf-with-dsym";
				ENABLE_NS_ASSERTIONS = NO;
				ENABLE_STRICT_OBJC_MSGSEND = YES;
				ENABLE_USER_SCRIPT_SANDBOXING = YES;
				GCC_C_LANGUAGE_STANDARD = gnu17;
				GCC_NO_COMMON_BLOCKS = YES;
				GCC_WARN_64_TO_32_BIT_CONVERSION = YES;
				GCC_WARN_ABOUT_RETURN_TYPE = YES_ERROR;
				GCC_WARN_UNDECLARED_SELECTOR = YES;
				GCC_WARN_UNINITIALIZED_AUTOS = YES_AGGRESSIVE;
				GCC_WARN_UNUSED_FUNCTION = YES;
				GCC_WARN_UNUSED_VARIABLE = YES;
				LOCALIZATION_PREFERS_STRING_CATALOGS = YES;
				MACOSX_DEPLOYMENT_TARGET = 14.5;
				MTL_ENABLE_DEBUG_INFO = NO;
				MTL_FAST_MATH = YES;
				SDKROOT = macosx;
				SWIFT_COMPILATION_MODE = wholemodule;
			};
			name = Release;
		};
		9310DBCF2CEE553900FC6037 /* Debug */ = {
			isa = XCBuildConfiguration;
			buildSettings = {
				ASSETCATALOG_COMPILER_APPICON_NAME = AppIcon;
				ASSETCATALOG_COMPILER_GLOBAL_ACCENT_COLOR_NAME = AccentColor;
				CODE_SIGN_ENTITLEMENTS = MacCacher/MacCacher.entitlements;
				CODE_SIGN_STYLE = Automatic;
				COMBINE_HIDPI_IMAGES = YES;
				CURRENT_PROJECT_VERSION = 1;
				DEVELOPMENT_ASSET_PATHS = "\"MacCacher/Preview Content\"";
				DEVELOPMENT_TEAM = W53X4P3UM4;
				ENABLE_HARDENED_RUNTIME = YES;
				ENABLE_PREVIEWS = YES;
				GENERATE_INFOPLIST_FILE = YES;
				INFOPLIST_KEY_NSHumanReadableCopyright = "";
				LD_RUNPATH_SEARCH_PATHS = (
					"$(inherited)",
					"@executable_path/../Frameworks",
				);
				MACOSX_DEPLOYMENT_TARGET = 14.0;
				MARKETING_VERSION = 1.0;
				PRODUCT_BUNDLE_IDENTIFIER = com.yoloabdo.maccer.MacCacher;
				PRODUCT_NAME = "$(TARGET_NAME)";
				SWIFT_EMIT_LOC_STRINGS = YES;
				SWIFT_VERSION = 5.0;
			};
			name = Debug;
		};
		9310DBD02CEE553900FC6037 /* Release */ = {
			isa = XCBuildConfiguration;
			buildSettings = {
				ASSETCATALOG_COMPILER_APPICON_NAME = AppIcon;
				ASSETCATALOG_COMPILER_GLOBAL_ACCENT_COLOR_NAME = AccentColor;
				CODE_SIGN_ENTITLEMENTS = MacCacher/MacCacher.entitlements;
				CODE_SIGN_STYLE = Automatic;
				COMBINE_HIDPI_IMAGES = YES;
				CURRENT_PROJECT_VERSION = 1;
				DEVELOPMENT_ASSET_PATHS = "\"MacCacher/Preview Content\"";
				DEVELOPMENT_TEAM = W53X4P3UM4;
				ENABLE_HARDENED_RUNTIME = YES;
				ENABLE_PREVIEWS = YES;
				GENERATE_INFOPLIST_FILE = YES;
				INFOPLIST_KEY_NSHumanReadableCopyright = "";
				LD_RUNPATH_SEARCH_PATHS = (
					"$(inherited)",
					"@executable_path/../Frameworks",
				);
				MACOSX_DEPLOYMENT_TARGET = 14.0;
				MARKETING_VERSION = 1.0;
				PRODUCT_BUNDLE_IDENTIFIER = com.yoloabdo.maccer.MacCacher;
				PRODUCT_NAME = "$(TARGET_NAME)";
				SWIFT_EMIT_LOC_STRINGS = YES;
				SWIFT_VERSION = 5.0;
			};
			name = Release;
		};
		9310DBD22CEE553900FC6037 /* Debug */ = {
			isa = XCBuildConfiguration;
			buildSettings = {
				ALWAYS_EMBED_SWIFT_STANDARD_LIBRARIES = YES;
				BUNDLE_LOADER = "$(TEST_HOST)";
				CODE_SIGN_STYLE = Automatic;
				CURRENT_PROJECT_VERSION = 1;
				DEVELOPMENT_TEAM = W53X4P3UM4;
				GENERATE_INFOPLIST_FILE = YES;
				MACOSX_DEPLOYMENT_TARGET = 14.0;
				MARKETING_VERSION = 1.0;
				PRODUCT_BUNDLE_IDENTIFIER = com.yoloabdo.maccer.MacCacherTests;
				PRODUCT_NAME = "$(TARGET_NAME)";
				SWIFT_EMIT_LOC_STRINGS = NO;
				SWIFT_VERSION = 5.0;
				TEST_HOST = "$(BUILT_PRODUCTS_DIR)/MacCacher.app/$(BUNDLE_EXECUTABLE_FOLDER_PATH)/MacCacher";
			};
			name = Debug;
		};
		9310DBD32CEE553900FC6037 /* Release */ = {
			isa = XCBuildConfiguration;
			buildSettings = {
				ALWAYS_EMBED_SWIFT_STANDARD_LIBRARIES = YES;
				BUNDLE_LOADER = "$(TEST_HOST)";
				CODE_SIGN_STYLE = Automatic;
				CURRENT_PROJECT_VERSION = 1;
				DEVELOPMENT_TEAM = W53X4P3UM4;
				GENERATE_INFOPLIST_FILE = YES;
				MACOSX_DEPLOYMENT_TARGET = 14.0;
				MARKETING_VERSION = 1.0;
				PRODUCT_BUNDLE_IDENTIFIER = com.yoloabdo.maccer.MacCacherTests;
				PRODUCT_NAME = "$(TARGET_NAME)";
				SWIFT_EMIT_LOC_STRINGS = NO;
				SWIFT_VERSION = 5.0;
				TEST_HOST = "$(BUILT_PRODUCTS_DIR)/MacCacher.app/$(BUNDLE_EXECUTABLE_FOLDER_PATH)/MacCacher";
			};
			name = Release;
		};
		9310DBD52CEE553900FC6037 /* Debug */ = {
			isa = XCBuildConfiguration;
			buildSettings = {
				ALWAYS_EMBED_SWIFT_STANDARD_LIBRARIES = YES;
				CODE_SIGN_STYLE = Automatic;
				CURRENT_PROJECT_VERSION = 1;
				DEVELOPMENT_TEAM = W53X4P3UM4;
				GENERATE_INFOPLIST_FILE = YES;
				MARKETING_VERSION = 1.0;
				PRODUCT_BUNDLE_IDENTIFIER = com.yoloabdo.maccer.MacCacherUITests;
				PRODUCT_NAME = "$(TARGET_NAME)";
				SWIFT_EMIT_LOC_STRINGS = NO;
				SWIFT_VERSION = 5.0;
				TEST_TARGET_NAME = MacCacher;
			};
			name = Debug;
		};
		9310DBD62CEE553900FC6037 /* Release */ = {
			isa = XCBuildConfiguration;
			buildSettings = {
				ALWAYS_EMBED_SWIFT_STANDARD_LIBRARIES = YES;
				CODE_SIGN_STYLE = Automatic;
				CURRENT_PROJECT_VERSION = 1;
				DEVELOPMENT_TEAM = W53X4P3UM4;
				GENERATE_INFOPLIST_FILE = YES;
				MARKETING_VERSION = 1.0;
				PRODUCT_BUNDLE_IDENTIFIER = com.yoloabdo.maccer.MacCacherUITests;
				PRODUCT_NAME = "$(TARGET_NAME)";
				SWIFT_EMIT_LOC_STRINGS = NO;
				SWIFT_VERSION = 5.0;
				TEST_TARGET_NAME = MacCacher;
			};
			name = Release;
		};
/* End XCBuildConfiguration section */

/* Begin XCConfigurationList section */
		9310DBA22CEE553800FC6037 /* Build configuration list for PBXProject "MacCacher" */ = {
			isa = XCConfigurationList;
			buildConfigurations = (
				9310DBCC2CEE553900FC6037 /* Debug */,
				9310DBCD2CEE553900FC6037 /* Release */,
			);
			defaultConfigurationIsVisible = 0;
			defaultConfigurationName = Release;
		};
		9310DBCE2CEE553900FC6037 /* Build configuration list for PBXNativeTarget "MacCacher" */ = {
			isa = XCConfigurationList;
			buildConfigurations = (
				9310DBCF2CEE553900FC6037 /* Debug */,
				9310DBD02CEE553900FC6037 /* Release */,
			);
			defaultConfigurationIsVisible = 0;
			defaultConfigurationName = Release;
		};
		9310DBD12CEE553900FC6037 /* Build configuration list for PBXNativeTarget "MacCacherTests" */ = {
			isa = XCConfigurationList;
			buildConfigurations = (
				9310DBD22CEE553900FC6037 /* Debug */,
				9310DBD32CEE553900FC6037 /* Release */,
			);
			defaultConfigurationIsVisible = 0;
			defaultConfigurationName = Release;
		};
		9310DBD42CEE553900FC6037 /* Build configuration list for PBXNativeTarget "MacCacherUITests" */ = {
			isa = XCConfigurationList;
			buildConfigurations = (
				9310DBD52CEE553900FC6037 /* Debug */,
				9310DBD62CEE553900FC6037 /* Release */,
			);
			defaultConfigurationIsVisible = 0;
			defaultConfigurationName = Release;
		};
/* End XCConfigurationList section */
	};
	rootObject = 9310DB9F2CEE553800FC6037 /* Project object */;
}
